// !$*UTF8*$!
{
	archiveVersion = 1;
	classes = {
	};
	objectVersion = 77;
	objects = {

/* Begin PBXBuildFile section */
		54AD736C2FFC1C87007C325C /* AppDelegate.swift in Sources */ = {isa = PBXBuildFile; fileRef = 54AD736B2FFC1C87007C325C /* AppDelegate.swift */; };
		54AD73702FFC1C87007C325C /* Main.html in Resources */ = {isa = PBXBuildFile; fileRef = 54AD736E2FFC1C87007C325C /* Main.html */; };
		54AD73722FFC1C87007C325C /* Icon.png in Resources */ = {isa = PBXBuildFile; fileRef = 54AD73712FFC1C87007C325C /* Icon.png */; };
		54AD73742FFC1C87007C325C /* Style.css in Resources */ = {isa = PBXBuildFile; fileRef = 54AD73732FFC1C87007C325C /* Style.css */; };
		54AD73762FFC1C87007C325C /* Script.js in Resources */ = {isa = PBXBuildFile; fileRef = 54AD73752FFC1C87007C325C /* Script.js */; };
		54AD73782FFC1C87007C325C /* ViewController.swift in Sources */ = {isa = PBXBuildFile; fileRef = 54AD73772FFC1C87007C325C /* ViewController.swift */; };
		54AD737B2FFC1C87007C325C /* Main.storyboard in Resources */ = {isa = PBXBuildFile; fileRef = 54AD73792FFC1C87007C325C /* Main.storyboard */; };
		54AD737D2FFC1C89007C325C /* Assets.xcassets in Resources */ = {isa = PBXBuildFile; fileRef = 54AD737C2FFC1C89007C325C /* Assets.xcassets */; };
		54AD73842FFC1C89007C325C /* Hardcopy Extension.appex in Embed Foundation Extensions */ = {isa = PBXBuildFile; fileRef = 54AD73832FFC1C89007C325C /* Hardcopy Extension.appex */; settings = {ATTRIBUTES = (RemoveHeadersOnCopy, ); }; };
		54AD73892FFC1C89007C325C /* SafariWebExtensionHandler.swift in Sources */ = {isa = PBXBuildFile; fileRef = 54AD73882FFC1C89007C325C /* SafariWebExtensionHandler.swift */; };
		54AD739B2FFC1C89007C325C /* popup.html in Resources */ = {isa = PBXBuildFile; fileRef = 54AD73952FFC1C89007C325C /* popup.html */; };
		54AD739C2FFC1C89007C325C /* chunks in Resources */ = {isa = PBXBuildFile; fileRef = 54AD73962FFC1C89007C325C /* chunks */; };
		54AD739D2FFC1C89007C325C /* serializers in Resources */ = {isa = PBXBuildFile; fileRef = 54AD73972FFC1C89007C325C /* serializers */; };
		54AD739E2FFC1C89007C325C /* content-scripts in Resources */ = {isa = PBXBuildFile; fileRef = 54AD73982FFC1C89007C325C /* content-scripts */; };
		54AD739F2FFC1C89007C325C /* manifest.json in Resources */ = {isa = PBXBuildFile; fileRef = 54AD73992FFC1C89007C325C /* manifest.json */; };
		54AD73A02FFC1C89007C325C /* icon in Resources */ = {isa = PBXBuildFile; fileRef = 54AD739A2FFC1C89007C325C /* icon */; };
/* End PBXBuildFile section */

/* Begin PBXContainerItemProxy section */
		54AD73852FFC1C89007C325C /* PBXContainerItemProxy */ = {
			isa = PBXContainerItemProxy;
			containerPortal = 54AD73602FFC1C87007C325C /* Project object */;
			proxyType = 1;
			remoteGlobalIDString = 54AD73822FFC1C89007C325C;
			remoteInfo = "Hardcopy Extension";
		};
/* End PBXContainerItemProxy section */

/* Begin PBXCopyFilesBuildPhase section */
		54AD73902FFC1C89007C325C /* Embed Foundation Extensions */ = {
			isa = PBXCopyFilesBuildPhase;
			buildActionMask = 2147483647;
			dstPath = "";
			dstSubfolderSpec = 13;
			files = (
				54AD73842FFC1C89007C325C /* Hardcopy Extension.appex in Embed Foundation Extensions */,
			);
			name = "Embed Foundation Extensions";
			runOnlyForDeploymentPostprocessing = 0;
		};
/* End PBXCopyFilesBuildPhase section */

/* Begin PBXFileReference section */
		54AD73682FFC1C87007C325C /* Hardcopy.app */ = {isa = PBXFileReference; explicitFileType = wrapper.application; includeInIndex = 0; path = Hardcopy.app; sourceTree = BUILT_PRODUCTS_DIR; };
		54AD736B2FFC1C87007C325C /* AppDelegate.swift */ = {isa = PBXFileReference; lastKnownFileType = sourcecode.swift; path = AppDelegate.swift; sourceTree = "<group>"; };
		54AD736F2FFC1C87007C325C /* Base */ = {isa = PBXFileReference; lastKnownFileType = text.html; name = Base; path = Base.lproj/Main.html; sourceTree = "<group>"; };
		54AD73712FFC1C87007C325C /* Icon.png */ = {isa = PBXFileReference; lastKnownFileType = image.png; path = Icon.png; sourceTree = "<group>"; };
		54AD73732FFC1C87007C325C /* Style.css */ = {isa = PBXFileReference; lastKnownFileType = text.css; path = Style.css; sourceTree = "<group>"; };
		54AD73752FFC1C87007C325C /* Script.js */ = {isa = PBXFileReference; lastKnownFileType = sourcecode.javascript; path = Script.js; sourceTree = "<group>"; };
		54AD73772FFC1C87007C325C /* ViewController.swift */ = {isa = PBXFileReference; lastKnownFileType = sourcecode.swift; path = ViewController.swift; sourceTree = "<group>"; };
		54AD737A2FFC1C87007C325C /* Base */ = {isa = PBXFileReference; lastKnownFileType = file.storyboard; name = Base; path = Base.lproj/Main.storyboard; sourceTree = "<group>"; };
		54AD737C2FFC1C89007C325C /* Assets.xcassets */ = {isa = PBXFileReference; lastKnownFileType = folder.assetcatalog; path = Assets.xcassets; sourceTree = "<group>"; };
		54AD737E2FFC1C89007C325C /* Info.plist */ = {isa = PBXFileReference; lastKnownFileType = text.plist.xml; path = Info.plist; sourceTree = "<group>"; };
		54AD73832FFC1C89007C325C /* Hardcopy Extension.appex */ = {isa = PBXFileReference; explicitFileType = "wrapper.app-extension"; includeInIndex = 0; path = "Hardcopy Extension.appex"; sourceTree = BUILT_PRODUCTS_DIR; };
		54AD73882FFC1C89007C325C /* SafariWebExtensionHandler.swift */ = {isa = PBXFileReference; lastKnownFileType = sourcecode.swift; path = SafariWebExtensionHandler.swift; sourceTree = "<group>"; };
		54AD738A2FFC1C89007C325C /* Info.plist */ = {isa = PBXFileReference; lastKnownFileType = text.plist.xml; path = Info.plist; sourceTree = "<group>"; };
		54AD73952FFC1C89007C325C /* popup.html */ = {isa = PBXFileReference; lastKnownFileType = text.html; name = popup.html; path = Resources/popup.html; sourceTree = "<group>"; };
		54AD73962FFC1C89007C325C /* chunks */ = {isa = PBXFileReference; lastKnownFileType = folder; name = chunks; path = Resources/chunks; sourceTree = "<group>"; };
		54AD73972FFC1C89007C325C /* serializers */ = {isa = PBXFileReference; lastKnownFileType = folder; name = serializers; path = Resources/serializers; sourceTree = "<group>"; };
		54AD73982FFC1C89007C325C /* content-scripts */ = {isa = PBXFileReference; lastKnownFileType = folder; name = "content-scripts"; path = "Resources/content-scripts"; sourceTree = "<group>"; };
		54AD73992FFC1C89007C325C /* manifest.json */ = {isa = PBXFileReference; lastKnownFileType = text.json; name = manifest.json; path = Resources/manifest.json; sourceTree = "<group>"; };
		54AD739A2FFC1C89007C325C /* icon */ = {isa = PBXFileReference; lastKnownFileType = folder; name = icon; path = Resources/icon; sourceTree = "<group>"; };
/* End PBXFileReference section */

/* Begin PBXFrameworksBuildPhase section */
		54AD73652FFC1C87007C325C /* Frameworks */ = {
			isa = PBXFrameworksBuildPhase;
			buildActionMask = 2147483647;
			files = (
			);
			runOnlyForDeploymentPostprocessing = 0;
		};
		54AD73802FFC1C89007C325C /* Frameworks */ = {
			isa = PBXFrameworksBuildPhase;
			buildActionMask = 2147483647;
			files = (
			);
			runOnlyForDeploymentPostprocessing = 0;
		};
/* End PBXFrameworksBuildPhase section */

/* Begin PBXGroup section */
		54AD735F2FFC1C87007C325C = {
			isa = PBXGroup;
			children = (
				54AD736A2FFC1C87007C325C /* Hardcopy */,
				54AD73872FFC1C89007C325C /* Hardcopy Extension */,
				54AD73692FFC1C87007C325C /* Products */,
			);
			sourceTree = "<group>";
		};
		54AD73692FFC1C87007C325C /* Products */ = {
			isa = PBXGroup;
			children = (
				54AD73682FFC1C87007C325C /* Hardcopy.app */,
				54AD73832FFC1C89007C325C /* Hardcopy Extension.appex */,
			);
			name = Products;
			sourceTree = "<group>";
		};
		54AD736A2FFC1C87007C325C /* Hardcopy */ = {
			isa = PBXGroup;
			children = (
				54AD736B2FFC1C87007C325C /* AppDelegate.swift */,
				54AD73772FFC1C87007C325C /* ViewController.swift */,
				54AD73792FFC1C87007C325C /* Main.storyboard */,
				54AD737C2FFC1C89007C325C /* Assets.xcassets */,
				54AD737E2FFC1C89007C325C /* Info.plist */,
				54AD736D2FFC1C87007C325C /* Resources */,
			);
			path = Hardcopy;
			sourceTree = "<group>";
		};
		54AD736D2FFC1C87007C325C /* Resources */ = {
			isa = PBXGroup;
			children = (
				54AD736E2FFC1C87007C325C /* Main.html */,
				54AD73712FFC1C87007C325C /* Icon.png */,
				54AD73732FFC1C87007C325C /* Style.css */,
				54AD73752FFC1C87007C325C /* Script.js */,
			);
			path = Resources;
			sourceTree = "<group>";
		};
		54AD73872FFC1C89007C325C /* Hardcopy Extension */ = {
			isa = PBXGroup;
			children = (
				54AD73942FFC1C89007C325C /* Resources */,
				54AD73882FFC1C89007C325C /* SafariWebExtensionHandler.swift */,
				54AD738A2FFC1C89007C325C /* Info.plist */,
			);
			path = "Hardcopy Extension";
			sourceTree = "<group>";
		};
		54AD73942FFC1C89007C325C /* Resources */ = {
			isa = PBXGroup;
			children = (
				54AD73952FFC1C89007C325C /* popup.html */,
				54AD73962FFC1C89007C325C /* chunks */,
				54AD73972FFC1C89007C325C /* serializers */,
				54AD73982FFC1C89007C325C /* content-scripts */,
				54AD73992FFC1C89007C325C /* manifest.json */,
				54AD739A2FFC1C89007C325C /* icon */,
			);
			name = Resources;
			path = "Hardcopy Extension";
			sourceTree = SOURCE_ROOT;
		};
/* End PBXGroup section */

/* Begin PBXNativeTarget section */
		54AD73672FFC1C87007C325C /* Hardcopy */ = {
			isa = PBXNativeTarget;
			buildConfigurationList = 54AD73912FFC1C89007C325C /* Build configuration list for PBXNativeTarget "Hardcopy" */;
			buildPhases = (
				54AD73642FFC1C87007C325C /* Sources */,
				54AD73652FFC1C87007C325C /* Frameworks */,
				54AD73662FFC1C87007C325C /* Resources */,
				54AD73902FFC1C89007C325C /* Embed Foundation Extensions */,
			);
			buildRules = (
			);
			dependencies = (
				54AD73862FFC1C89007C325C /* PBXTargetDependency */,
			);
			name = Hardcopy;
			packageProductDependencies = (
			);
			productName = Hardcopy;
			productReference = 54AD73682FFC1C87007C325C /* Hardcopy.app */;
			productType = "com.apple.product-type.application";
		};
		54AD73822FFC1C89007C325C /* Hardcopy Extension */ = {
			isa = PBXNativeTarget;
			buildConfigurationList = 54AD738D2FFC1C89007C325C /* Build configuration list for PBXNativeTarget "Hardcopy Extension" */;
			buildPhases = (
				54AD737F2FFC1C89007C325C /* Sources */,
				54AD73802FFC1C89007C325C /* Frameworks */,
				54AD73812FFC1C89007C325C /* Resources */,
			);
			buildRules = (
			);
			dependencies = (
			);
			name = "Hardcopy Extension";
			packageProductDependencies = (
			);
			productName = "Hardcopy Extension";
			productReference = 54AD73832FFC1C89007C325C /* Hardcopy Extension.appex */;
			productType = "com.apple.product-type.app-extension";
		};
/* End PBXNativeTarget section */

/* Begin PBXProject section */
		54AD73602FFC1C87007C325C /* Project object */ = {
			isa = PBXProject;
			attributes = {
				BuildIndependentTargetsInParallel = 1;
				LastSwiftUpdateCheck = 2660;
				LastUpgradeCheck = 2660;
				TargetAttributes = {
					54AD73672FFC1C87007C325C = {
						CreatedOnToolsVersion = 26.6;
					};
					54AD73822FFC1C89007C325C = {
						CreatedOnToolsVersion = 26.6;
					};
				};
			};
			buildConfigurationList = 54AD73632FFC1C87007C325C /* Build configuration list for PBXProject "Hardcopy" */;
			developmentRegion = en;
			hasScannedForEncodings = 0;
			knownRegions = (
				en,
				Base,
			);
			mainGroup = 54AD735F2FFC1C87007C325C;
			minimizedProjectReferenceProxies = 1;
			preferredProjectObjectVersion = 77;
			productRefGroup = 54AD73692FFC1C87007C325C /* Products */;
			projectDirPath = "";
			projectRoot = "";
			targets = (
				54AD73672FFC1C87007C325C /* Hardcopy */,
				54AD73822FFC1C89007C325C /* Hardcopy Extension */,
			);
		};
/* End PBXProject section */

/* Begin PBXResourcesBuildPhase section */
		54AD73662FFC1C87007C325C /* Resources */ = {
			isa = PBXResourcesBuildPhase;
			buildActionMask = 2147483647;
			files = (
				54AD73722FFC1C87007C325C /* Icon.png in Resources */,
				54AD737B2FFC1C87007C325C /* Main.storyboard in Resources */,
				54AD73762FFC1C87007C325C /* Script.js in Resources */,
				54AD73702FFC1C87007C325C /* Main.html in Resources */,
				54AD737D2FFC1C89007C325C /* Assets.xcassets in Resources */,
				54AD73742FFC1C87007C325C /* Style.css in Resources */,
			);
			runOnlyForDeploymentPostprocessing = 0;
		};
		54AD73812FFC1C89007C325C /* Resources */ = {
			isa = PBXResourcesBuildPhase;
			buildActionMask = 2147483647;
			files = (
				54AD739D2FFC1C89007C325C /* serializers in Resources */,
				54AD73A02FFC1C89007C325C /* icon in Resources */,
				54AD739C2FFC1C89007C325C /* chunks in Resources */,
				54AD739F2FFC1C89007C325C /* manifest.json in Resources */,
				54AD739B2FFC1C89007C325C /* popup.html in Resources */,
				54AD739E2FFC1C89007C325C /* content-scripts in Resources */,
			);
			runOnlyForDeploymentPostprocessing = 0;
		};
/* End PBXResourcesBuildPhase section */

/* Begin PBXSourcesBuildPhase section */
		54AD73642FFC1C87007C325C /* Sources */ = {
			isa = PBXSourcesBuildPhase;
			buildActionMask = 2147483647;
			files = (
				54AD73782FFC1C87007C325C /* ViewController.swift in Sources */,
				54AD736C2FFC1C87007C325C /* AppDelegate.swift in Sources */,
			);
			runOnlyForDeploymentPostprocessing = 0;
		};
		54AD737F2FFC1C89007C325C /* Sources */ = {
			isa = PBXSourcesBuildPhase;
			buildActionMask = 2147483647;
			files = (
				54AD73892FFC1C89007C325C /* SafariWebExtensionHandler.swift in Sources */,
			);
			runOnlyForDeploymentPostprocessing = 0;
		};
/* End PBXSourcesBuildPhase section */

/* Begin PBXTargetDependency section */
		54AD73862FFC1C89007C325C /* PBXTargetDependency */ = {
			isa = PBXTargetDependency;
			target = 54AD73822FFC1C89007C325C /* Hardcopy Extension */;
			targetProxy = 54AD73852FFC1C89007C325C /* PBXContainerItemProxy */;
		};
/* End PBXTargetDependency section */

/* Begin PBXVariantGroup section */
		54AD736E2FFC1C87007C325C /* Main.html */ = {
			isa = PBXVariantGroup;
			children = (
				54AD736F2FFC1C87007C325C /* Base */,
			);
			name = Main.html;
			sourceTree = "<group>";
		};
		54AD73792FFC1C87007C325C /* Main.storyboard */ = {
			isa = PBXVariantGroup;
			children = (
				54AD737A2FFC1C87007C325C /* Base */,
			);
			name = Main.storyboard;
			sourceTree = "<group>";
		};
/* End PBXVariantGroup section */

/* Begin XCBuildConfiguration section */
		54AD738B2FFC1C89007C325C /* Debug */ = {
			isa = XCBuildConfiguration;
			buildSettings = {
				ALWAYS_SEARCH_USER_PATHS = NO;
				ASSETCATALOG_COMPILER_GENERATE_SWIFT_ASSET_SYMBOL_EXTENSIONS = YES;
				CLANG_ANALYZER_NONNULL = YES;
				CLANG_ANALYZER_NUMBER_OBJECT_CONVERSION = YES_AGGRESSIVE;
				CLANG_CXX_LANGUAGE_STANDARD = "gnu++20";
				CLANG_ENABLE_MODULES = YES;
				CLANG_ENABLE_OBJC_ARC = YES;
				CLANG_ENABLE_OBJC_WEAK = YES;
				CLANG_WARN_BLOCK_CAPTURE_AUTORELEASING = YES;
				CLANG_WARN_BOOL_CONVERSION = YES;
				CLANG_WARN_COMMA = YES;
				CLANG_WARN_CONSTANT_CONVERSION = YES;
				CLANG_WARN_DEPRECATED_OBJC_IMPLEMENTATIONS = YES;
				CLANG_WARN_DIRECT_OBJC_ISA_USAGE = YES_ERROR;
				CLANG_WARN_DOCUMENTATION_COMMENTS = YES;
				CLANG_WARN_EMPTY_BODY = YES;
				CLANG_WARN_ENUM_CONVERSION = YES;
				CLANG_WARN_INFINITE_RECURSION = YES;
				CLANG_WARN_INT_CONVERSION = YES;
				CLANG_WARN_NON_LITERAL_NULL_CONVERSION = YES;
				CLANG_WARN_OBJC_IMPLICIT_RETAIN_SELF = YES;
				CLANG_WARN_OBJC_LITERAL_CONVERSION = YES;
				CLANG_WARN_OBJC_ROOT_CLASS = YES_ERROR;
				CLANG_WARN_QUOTED_INCLUDE_IN_FRAMEWORK_HEADER = YES;
				CLANG_WARN_RANGE_LOOP_ANALYSIS = YES;
				CLANG_WARN_STRICT_PROTOTYPES = YES;
				CLANG_WARN_SUSPICIOUS_MOVE = YES;
				CLANG_WARN_UNGUARDED_AVAILABILITY = YES_AGGRESSIVE;
				CLANG_WARN_UNREACHABLE_CODE = YES;
				CLANG_WARN__DUPLICATE_METHOD_MATCH = YES;
				COPY_PHASE_STRIP = NO;
				DEBUG_INFORMATION_FORMAT = dwarf;
				ENABLE_STRICT_OBJC_MSGSEND = YES;
				ENABLE_TESTABILITY = YES;
				ENABLE_USER_SCRIPT_SANDBOXING = YES;
				GCC_C_LANGUAGE_STANDARD = gnu17;
				GCC_DYNAMIC_NO_PIC = NO;
				GCC_NO_COMMON_BLOCKS = YES;
				GCC_OPTIMIZATION_LEVEL = 0;
				GCC_PREPROCESSOR_DEFINITIONS = (
					"DEBUG=1",
					"$(inherited)",
				);
				GCC_WARN_64_TO_32_BIT_CONVERSION = YES;
				GCC_WARN_ABOUT_RETURN_TYPE = YES_ERROR;
				GCC_WARN_UNDECLARED_SELECTOR = YES;
				GCC_WARN_UNINITIALIZED_AUTOS = YES_AGGRESSIVE;
				GCC_WARN_UNUSED_FUNCTION = YES;
				GCC_WARN_UNUSED_VARIABLE = YES;
				LOCALIZATION_PREFERS_STRING_CATALOGS = YES;
				MACOSX_DEPLOYMENT_TARGET = 26.5;
				MTL_ENABLE_DEBUG_INFO = INCLUDE_SOURCE;
				MTL_FAST_MATH = YES;
				ONLY_ACTIVE_ARCH = YES;
				SDKROOT = macosx;
				SWIFT_ACTIVE_COMPILATION_CONDITIONS = "DEBUG $(inherited)";
				SWIFT_OPTIMIZATION_LEVEL = "-Onone";
			};
			name = Debug;
		};
		54AD738C2FFC1C89007C325C /* Release */ = {
			isa = XCBuildConfiguration;
			buildSettings = {
				ALWAYS_SEARCH_USER_PATHS = NO;
				ASSETCATALOG_COMPILER_GENERATE_SWIFT_ASSET_SYMBOL_EXTENSIONS = YES;
				CLANG_ANALYZER_NONNULL = YES;
				CLANG_ANALYZER_NUMBER_OBJECT_CONVERSION = YES_AGGRESSIVE;
				CLANG_CXX_LANGUAGE_STANDARD = "gnu++20";
				CLANG_ENABLE_MODULES = YES;
				CLANG_ENABLE_OBJC_ARC = YES;
				CLANG_ENABLE_OBJC_WEAK = YES;
				CLANG_WARN_BLOCK_CAPTURE_AUTORELEASING = YES;
				CLANG_WARN_BOOL_CONVERSION = YES;
				CLANG_WARN_COMMA = YES;
				CLANG_WARN_CONSTANT_CONVERSION = YES;
				CLANG_WARN_DEPRECATED_OBJC_IMPLEMENTATIONS = YES;
				CLANG_WARN_DIRECT_OBJC_ISA_USAGE = YES_ERROR;
				CLANG_WARN_DOCUMENTATION_COMMENTS = YES;
				CLANG_WARN_EMPTY_BODY = YES;
				CLANG_WARN_ENUM_CONVERSION = YES;
				CLANG_WARN_INFINITE_RECURSION = YES;
				CLANG_WARN_INT_CONVERSION = YES;
				CLANG_WARN_NON_LITERAL_NULL_CONVERSION = YES;
				CLANG_WARN_OBJC_IMPLICIT_RETAIN_SELF = YES;
				CLANG_WARN_OBJC_LITERAL_CONVERSION = YES;
				CLANG_WARN_OBJC_ROOT_CLASS = YES_ERROR;
				CLANG_WARN_QUOTED_INCLUDE_IN_FRAMEWORK_HEADER = YES;
				CLANG_WARN_RANGE_LOOP_ANALYSIS = YES;
				CLANG_WARN_STRICT_PROTOTYPES = YES;
				CLANG_WARN_SUSPICIOUS_MOVE = YES;
				CLANG_WARN_UNGUARDED_AVAILABILITY = YES_AGGRESSIVE;
				CLANG_WARN_UNREACHABLE_CODE = YES;
				CLANG_WARN__DUPLICATE_METHOD_MATCH = YES;
				COPY_PHASE_STRIP = NO;
				DEBUG_INFORMATION_FORMAT = "dwarf-with-dsym";
				ENABLE_NS_ASSERTIONS = NO;
				ENABLE_STRICT_OBJC_MSGSEND = YES;
				ENABLE_USER_SCRIPT_SANDBOXING = YES;
				GCC_C_LANGUAGE_STANDARD = gnu17;
				GCC_NO_COMMON_BLOCKS = YES;
				GCC_WARN_64_TO_32_BIT_CONVERSION = YES;
				GCC_WARN_ABOUT_RETURN_TYPE = YES_ERROR;
				GCC_WARN_UNDECLARED_SELECTOR = YES;
				GCC_WARN_UNINITIALIZED_AUTOS = YES_AGGRESSIVE;
				GCC_WARN_UNUSED_FUNCTION = YES;
				GCC_WARN_UNUSED_VARIABLE = YES;
				LOCALIZATION_PREFERS_STRING_CATALOGS = YES;
				MACOSX_DEPLOYMENT_TARGET = 26.5;
				MTL_ENABLE_DEBUG_INFO = NO;
				MTL_FAST_MATH = YES;
				SDKROOT = macosx;
				SWIFT_COMPILATION_MODE = wholemodule;
			};
			name = Release;
		};
		54AD738E2FFC1C89007C325C /* Debug */ = {
			isa = XCBuildConfiguration;
			buildSettings = {
				CODE_SIGN_STYLE = Automatic;
				CURRENT_PROJECT_VERSION = 1;
				ENABLE_APP_SANDBOX = YES;
				ENABLE_HARDENED_RUNTIME = YES;
				ENABLE_USER_SELECTED_FILES = readonly;
				GENERATE_INFOPLIST_FILE = YES;
				INFOPLIST_FILE = "Hardcopy Extension/Info.plist";
				INFOPLIST_KEY_CFBundleDisplayName = "Hardcopy Extension";
				INFOPLIST_KEY_NSHumanReadableCopyright = "";
				LD_RUNPATH_SEARCH_PATHS = (
					"$(inherited)",
					"@executable_path/../Frameworks",
					"@executable_path/../../../../Frameworks",
				);
				MACOSX_DEPLOYMENT_TARGET = 10.14;
				MARKETING_VERSION = 1.0;
				OTHER_LDFLAGS = (
					"-framework",
					SafariServices,
				);
				PRODUCT_BUNDLE_IDENTIFIER = uk.me.calverley.hardcopy.Extension;
				PRODUCT_NAME = "$(TARGET_NAME)";
				SKIP_INSTALL = YES;
				STRING_CATALOG_GENERATE_SYMBOLS = YES;
				SWIFT_APPROACHABLE_CONCURRENCY = YES;
				SWIFT_EMIT_LOC_STRINGS = YES;
				SWIFT_UPCOMING_FEATURE_MEMBER_IMPORT_VISIBILITY = YES;
				SWIFT_VERSION = 5.0;
			};
			name = Debug;
		};
		54AD738F2FFC1C89007C325C /* Release */ = {
			isa = XCBuildConfiguration;
			buildSettings = {
				CODE_SIGN_STYLE = Automatic;
				CURRENT_PROJECT_VERSION = 1;
				ENABLE_APP_SANDBOX = YES;
				ENABLE_HARDENED_RUNTIME = YES;
				ENABLE_USER_SELECTED_FILES = readonly;
				GENERATE_INFOPLIST_FILE = YES;
				INFOPLIST_FILE = "Hardcopy Extension/Info.plist";
				INFOPLIST_KEY_CFBundleDisplayName = "Hardcopy Extension";
				INFOPLIST_KEY_NSHumanReadableCopyright = "";
				LD_RUNPATH_SEARCH_PATHS = (
					"$(inherited)",
					"@executable_path/../Frameworks",
					"@executable_path/../../../../Frameworks",
				);
				MACOSX_DEPLOYMENT_TARGET = 10.14;
				MARKETING_VERSION = 1.0;
				OTHER_LDFLAGS = (
					"-framework",
					SafariServices,
				);
				PRODUCT_BUNDLE_IDENTIFIER = uk.me.calverley.hardcopy.Extension;
				PRODUCT_NAME = "$(TARGET_NAME)";
				SKIP_INSTALL = YES;
				STRING_CATALOG_GENERATE_SYMBOLS = YES;
				SWIFT_APPROACHABLE_CONCURRENCY = YES;
				SWIFT_EMIT_LOC_STRINGS = YES;
				SWIFT_UPCOMING_FEATURE_MEMBER_IMPORT_VISIBILITY = YES;
				SWIFT_VERSION = 5.0;
			};
			name = Release;
		};
		54AD73922FFC1C89007C325C /* Debug */ = {
			isa = XCBuildConfiguration;
			buildSettings = {
				ASSETCATALOG_COMPILER_APPICON_NAME = AppIcon;
				ASSETCATALOG_COMPILER_GLOBAL_ACCENT_COLOR_NAME = AccentColor;
				CODE_SIGN_STYLE = Automatic;
				COMBINE_HIDPI_IMAGES = YES;
				CURRENT_PROJECT_VERSION = 1;
				ENABLE_APP_SANDBOX = YES;
				ENABLE_HARDENED_RUNTIME = YES;
				ENABLE_OUTGOING_NETWORK_CONNECTIONS = YES;
				ENABLE_USER_SELECTED_FILES = readonly;
				GENERATE_INFOPLIST_FILE = YES;
				INFOPLIST_FILE = Hardcopy/Info.plist;
				INFOPLIST_KEY_CFBundleDisplayName = Hardcopy;
				INFOPLIST_KEY_NSHumanReadableCopyright = "";
				INFOPLIST_KEY_NSMainStoryboardFile = Main;
				INFOPLIST_KEY_NSPrincipalClass = NSApplication;
				LD_RUNPATH_SEARCH_PATHS = (
					"$(inherited)",
					"@executable_path/../Frameworks",
				);
				MARKETING_VERSION = 1.0;
				OTHER_LDFLAGS = (
					"-framework",
					SafariServices,
					"-framework",
					WebKit,
				);
				PRODUCT_BUNDLE_IDENTIFIER = uk.me.calverley.hardcopy;
				PRODUCT_NAME = "$(TARGET_NAME)";
				REGISTER_APP_GROUPS = YES;
				STRING_CATALOG_GENERATE_SYMBOLS = YES;
				SWIFT_APPROACHABLE_CONCURRENCY = YES;
				SWIFT_DEFAULT_ACTOR_ISOLATION = MainActor;
				SWIFT_EMIT_LOC_STRINGS = YES;
				SWIFT_UPCOMING_FEATURE_MEMBER_IMPORT_VISIBILITY = YES;
				SWIFT_VERSION = 5.0;
			};
			name = Debug;
		};
		54AD73932FFC1C89007C325C /* Release */ = {
			isa = XCBuildConfiguration;
			buildSettings = {
				ASSETCATALOG_COMPILER_APPICON_NAME = AppIcon;
				ASSETCATALOG_COMPILER_GLOBAL_ACCENT_COLOR_NAME = AccentColor;
				CODE_SIGN_STYLE = Automatic;
				COMBINE_HIDPI_IMAGES = YES;
				CURRENT_PROJECT_VERSION = 1;
				ENABLE_APP_SANDBOX = YES;
				ENABLE_HARDENED_RUNTIME = YES;
				ENABLE_OUTGOING_NETWORK_CONNECTIONS = YES;
				ENABLE_USER_SELECTED_FILES = readonly;
				GENERATE_INFOPLIST_FILE = YES;
				INFOPLIST_FILE = Hardcopy/Info.plist;
				INFOPLIST_KEY_CFBundleDisplayName = Hardcopy;
				INFOPLIST_KEY_NSHumanReadableCopyright = "";
				INFOPLIST_KEY_NSMainStoryboardFile = Main;
				INFOPLIST_KEY_NSPrincipalClass = NSApplication;
				LD_RUNPATH_SEARCH_PATHS = (
					"$(inherited)",
					"@executable_path/../Frameworks",
				);
				MARKETING_VERSION = 1.0;
				OTHER_LDFLAGS = (
					"-framework",
					SafariServices,
					"-framework",
					WebKit,
				);
				PRODUCT_BUNDLE_IDENTIFIER = uk.me.calverley.hardcopy;
				PRODUCT_NAME = "$(TARGET_NAME)";
				REGISTER_APP_GROUPS = YES;
				STRING_CATALOG_GENERATE_SYMBOLS = YES;
				SWIFT_APPROACHABLE_CONCURRENCY = YES;
				SWIFT_DEFAULT_ACTOR_ISOLATION = MainActor;
				SWIFT_EMIT_LOC_STRINGS = YES;
				SWIFT_UPCOMING_FEATURE_MEMBER_IMPORT_VISIBILITY = YES;
				SWIFT_VERSION = 5.0;
			};
			name = Release;
		};
/* End XCBuildConfiguration section */

/* Begin XCConfigurationList section */
		54AD73632FFC1C87007C325C /* Build configuration list for PBXProject "Hardcopy" */ = {
			isa = XCConfigurationList;
			buildConfigurations = (
				54AD738B2FFC1C89007C325C /* Debug */,
				54AD738C2FFC1C89007C325C /* Release */,
			);
			defaultConfigurationIsVisible = 0;
			defaultConfigurationName = Release;
		};
		54AD738D2FFC1C89007C325C /* Build configuration list for PBXNativeTarget "Hardcopy Extension" */ = {
			isa = XCConfigurationList;
			buildConfigurations = (
				54AD738E2FFC1C89007C325C /* Debug */,
				54AD738F2FFC1C89007C325C /* Release */,
			);
			defaultConfigurationIsVisible = 0;
			defaultConfigurationName = Release;
		};
		54AD73912FFC1C89007C325C /* Build configuration list for PBXNativeTarget "Hardcopy" */ = {
			isa = XCConfigurationList;
			buildConfigurations = (
				54AD73922FFC1C89007C325C /* Debug */,
				54AD73932FFC1C89007C325C /* Release */,
			);
			defaultConfigurationIsVisible = 0;
			defaultConfigurationName = Release;
		};
/* End XCConfigurationList section */
	};
	rootObject = 54AD73602FFC1C87007C325C /* Project object */;
}
